
Microsoft Visual Studio Solution File, Format Version 12.00
# Visual Studio 15
VisualStudioVersion = 15.0.28307.489
MinimumVisualStudioVersion = 10.0.40219.1
Project("{FAE04EC0-301F-11D3-BF4B-00C04F79EFBC}") = "FactoryPattern", "FactoryPattern\FactoryPattern.csproj", "{3C4CD70D-0234-46D2-A550-3AAEE1546FC3}"
EndProject
Global
	GlobalSection(SolutionConfigurationPlatforms) = preSolution
		Debug|Any CPU = Debug|Any CPU
		Release|Any CPU = Release|Any CPU
	EndGlobalSection
	GlobalSection(ProjectConfigurationPlatforms) = postSolution
		{3C4CD70D-0234-46D2-A550-3AAEE1546FC3}.Debug|Any CPU.ActiveCfg = Debug|Any CPU
		{3C4CD70D-0234-46D2-A550-3AAEE1546FC3}.Debug|Any CPU.Build.0 = Debug|Any CPU
		{3C4CD70D-0234-46D2-A550-3AAEE1546FC3}.Release|Any CPU.ActiveCfg = Release|Any CPU
		{3C4CD70D-0234-46D2-A550-3AAEE1546FC3}.Release|Any CPU.Build.0 = Release|Any CPU
	EndGlobalSection
	GlobalSection(SolutionProperties) = preSolution
		HideSolutionNode = FALSE
	EndGlobalSection
	GlobalSection(ExtensibilityGlobals) = postSolution
		SolutionGuid = {A7222E32-74CA-439E-887B-3C6C5C39C3B6}
	EndGlobalSection
EndGlobal
