
Microsoft Visual Studio Solution File, Format Version 12.00
# Visual Studio 15
VisualStudioVersion = 15.0.28307.489
MinimumVisualStudioVersion = 10.0.40219.1
Project("{FAE04EC0-301F-11D3-BF4B-00C04F79EFBC}") = "StrategyPattern", "StrategyPattern\StrategyPattern.csproj", "{93C30FB5-0A4F-4BF4-A422-97B696EE094F}"
EndProject
Global
	GlobalSection(SolutionConfigurationPlatforms) = preSolution
		Debug|Any CPU = Debug|Any CPU
		Release|Any CPU = Release|Any CPU
	EndGlobalSection
	GlobalSection(ProjectConfigurationPlatforms) = postSolution
		{93C30FB5-0A4F-4BF4-A422-97B696EE094F}.Debug|Any CPU.ActiveCfg = Debug|Any CPU
		{93C30FB5-0A4F-4BF4-A422-97B696EE094F}.Debug|Any CPU.Build.0 = Debug|Any CPU
		{93C30FB5-0A4F-4BF4-A422-97B696EE094F}.Release|Any CPU.ActiveCfg = Release|Any CPU
		{93C30FB5-0A4F-4BF4-A422-97B696EE094F}.Release|Any CPU.Build.0 = Release|Any CPU
	EndGlobalSection
	GlobalSection(SolutionProperties) = preSolution
		HideSolutionNode = FALSE
	EndGlobalSection
	GlobalSection(ExtensibilityGlobals) = postSolution
		SolutionGuid = {32E29CB9-781C-4BA0-B86B-89FED1207578}
	EndGlobalSection
EndGlobal
