
Microsoft Visual Studio Solution File, Format Version 12.00
# Visual Studio 15
VisualStudioVersion = 15.0.28307.489
MinimumVisualStudioVersion = 10.0.40219.1
Project("{FAE04EC0-301F-11D3-BF4B-00C04F79EFBC}") = "ObserverPattern", "ObserverPattern\ObserverPattern.csproj", "{AA834874-C359-4ADC-943A-AACAB946613A}"
EndProject
Global
	GlobalSection(SolutionConfigurationPlatforms) = preSolution
		Debug|Any CPU = Debug|Any CPU
		Release|Any CPU = Release|Any CPU
	EndGlobalSection
	GlobalSection(ProjectConfigurationPlatforms) = postSolution
		{AA834874-C359-4ADC-943A-AACAB946613A}.Debug|Any CPU.ActiveCfg = Debug|Any CPU
		{AA834874-C359-4ADC-943A-AACAB946613A}.Debug|Any CPU.Build.0 = Debug|Any CPU
		{AA834874-C359-4ADC-943A-AACAB946613A}.Release|Any CPU.ActiveCfg = Release|Any CPU
		{AA834874-C359-4ADC-943A-AACAB946613A}.Release|Any CPU.Build.0 = Release|Any CPU
	EndGlobalSection
	GlobalSection(SolutionProperties) = preSolution
		HideSolutionNode = FALSE
	EndGlobalSection
	GlobalSection(ExtensibilityGlobals) = postSolution
		SolutionGuid = {7A4E906E-C575-4340-9112-C36F4EB07B25}
	EndGlobalSection
EndGlobal
